
Microsoft Visual Studio Solution File, Format Version 12.00
# Visual Studio Version 17
VisualStudioVersion = 17.14.36202.13
MinimumVisualStudioVersion = 10.0.40219.1
Project("{FAE04EC0-301F-11D3-BF4B-00C04F79EFBC}") = "AstroServer.WebApi", "AstroServer.WebApi\AstroServer.WebApi.csproj", "{C52BBF33-5793-4413-A4D3-5EB7B6FE18F3}"
EndProject
Project("{FAE04EC0-301F-11D3-BF4B-00C04F79EFBC}") = "AstroClient.Wpf", "AstroClient.Wpf\AstroClient.Wpf.csproj", "{29F2F483-9305-475A-AEBB-4599DDBF5E98}"
EndProject
Project("{2150E333-8FDC-42A3-9474-1A3956D46DE8}") = "Libs", "Libs", "{02EA681E-C7D8-13C7-8484-4AC65E1B71E8}"
	ProjectSection(SolutionItems) = preProject
		Libs\AstroMath.dll = Libs\AstroMath.dll
	EndProjectSection
EndProject
Global
	GlobalSection(SolutionConfigurationPlatforms) = preSolution
		Debug|Any CPU = Debug|Any CPU
		Release|Any CPU = Release|Any CPU
	EndGlobalSection
	GlobalSection(ProjectConfigurationPlatforms) = postSolution
		{C52BBF33-5793-4413-A4D3-5EB7B6FE18F3}.Debug|Any CPU.ActiveCfg = Debug|Any CPU
		{C52BBF33-5793-4413-A4D3-5EB7B6FE18F3}.Debug|Any CPU.Build.0 = Debug|Any CPU
		{C52BBF33-5793-4413-A4D3-5EB7B6FE18F3}.Release|Any CPU.ActiveCfg = Release|Any CPU
		{C52BBF33-5793-4413-A4D3-5EB7B6FE18F3}.Release|Any CPU.Build.0 = Release|Any CPU
		{29F2F483-9305-475A-AEBB-4599DDBF5E98}.Debug|Any CPU.ActiveCfg = Debug|Any CPU
		{29F2F483-9305-475A-AEBB-4599DDBF5E98}.Debug|Any CPU.Build.0 = Debug|Any CPU
		{29F2F483-9305-475A-AEBB-4599DDBF5E98}.Release|Any CPU.ActiveCfg = Release|Any CPU
		{29F2F483-9305-475A-AEBB-4599DDBF5E98}.Release|Any CPU.Build.0 = Release|Any CPU
	EndGlobalSection
	GlobalSection(SolutionProperties) = preSolution
		HideSolutionNode = FALSE
	EndGlobalSection
	GlobalSection(ExtensibilityGlobals) = postSolution
		SolutionGuid = {2E2AAF3E-8527-4DD3-88F5-633551ABE809}
	EndGlobalSection
EndGlobal
